
Microsoft Visual Studio Solution File, Format Version 12.00
# Visual Studio Version 17
VisualStudioVersion = 17.4.33213.308
MinimumVisualStudioVersion = 10.0.40219.1
Project("{FAE04EC0-301F-11D3-BF4B-00C04F79EFBC}") = "ConsoleApp2", "ConsoleApp2\ConsoleApp2.csproj", "{83433F54-BBB1-4EF2-A41F-5B0D8FFA37FB}"
EndProject
Global
	GlobalSection(SolutionConfigurationPlatforms) = preSolution
		Debug|Any CPU = Debug|Any CPU
		Release|Any CPU = Release|Any CPU
	EndGlobalSection
	GlobalSection(ProjectConfigurationPlatforms) = postSolution
		{83433F54-BBB1-4EF2-A41F-5B0D8FFA37FB}.Debug|Any CPU.ActiveCfg = Debug|Any CPU
		{83433F54-BBB1-4EF2-A41F-5B0D8FFA37FB}.Debug|Any CPU.Build.0 = Debug|Any CPU
		{83433F54-BBB1-4EF2-A41F-5B0D8FFA37FB}.Release|Any CPU.ActiveCfg = Release|Any CPU
		{83433F54-BBB1-4EF2-A41F-5B0D8FFA37FB}.Release|Any CPU.Build.0 = Release|Any CPU
	EndGlobalSection
	GlobalSection(SolutionProperties) = preSolution
		HideSolutionNode = FALSE
	EndGlobalSection
	GlobalSection(ExtensibilityGlobals) = postSolution
		SolutionGuid = {0FCAA9C5-FF7A-454D-9E47-562B9E2BA4C1}
	EndGlobalSection
EndGlobal
