
Microsoft Visual Studio Solution File, Format Version 12.00
# Visual Studio Version 17
VisualStudioVersion = 17.4.33213.308
MinimumVisualStudioVersion = 10.0.40219.1
Project("{FAE04EC0-301F-11D3-BF4B-00C04F79EFBC}") = "WebApplication2", "WebApplication2\WebApplication2.csproj", "{B6DEEE98-081B-432D-B58A-37438EC57CA7}"
EndProject
Global
	GlobalSection(SolutionConfigurationPlatforms) = preSolution
		Debug|Any CPU = Debug|Any CPU
		Release|Any CPU = Release|Any CPU
	EndGlobalSection
	GlobalSection(ProjectConfigurationPlatforms) = postSolution
		{B6DEEE98-081B-432D-B58A-37438EC57CA7}.Debug|Any CPU.ActiveCfg = Debug|Any CPU
		{B6DEEE98-081B-432D-B58A-37438EC57CA7}.Debug|Any CPU.Build.0 = Debug|Any CPU
		{B6DEEE98-081B-432D-B58A-37438EC57CA7}.Release|Any CPU.ActiveCfg = Release|Any CPU
		{B6DEEE98-081B-432D-B58A-37438EC57CA7}.Release|Any CPU.Build.0 = Release|Any CPU
	EndGlobalSection
	GlobalSection(SolutionProperties) = preSolution
		HideSolutionNode = FALSE
	EndGlobalSection
	GlobalSection(ExtensibilityGlobals) = postSolution
		SolutionGuid = {FCFA65FE-0293-433F-A31E-5E319B37A839}
	EndGlobalSection
EndGlobal
