
Microsoft Visual Studio Solution File, Format Version 12.00
# Visual Studio Version 17
VisualStudioVersion = 17.4.33213.308
MinimumVisualStudioVersion = 10.0.40219.1
Project("{FAE04EC0-301F-11D3-BF4B-00C04F79EFBC}") = "ex", "ex\ex.csproj", "{2C428036-D173-4BD5-AAC4-F9AE8AECC44B}"
EndProject
Global
	GlobalSection(SolutionConfigurationPlatforms) = preSolution
		Debug|Any CPU = Debug|Any CPU
		Release|Any CPU = Release|Any CPU
	EndGlobalSection
	GlobalSection(ProjectConfigurationPlatforms) = postSolution
		{2C428036-D173-4BD5-AAC4-F9AE8AECC44B}.Debug|Any CPU.ActiveCfg = Debug|Any CPU
		{2C428036-D173-4BD5-AAC4-F9AE8AECC44B}.Debug|Any CPU.Build.0 = Debug|Any CPU
		{2C428036-D173-4BD5-AAC4-F9AE8AECC44B}.Release|Any CPU.ActiveCfg = Release|Any CPU
		{2C428036-D173-4BD5-AAC4-F9AE8AECC44B}.Release|Any CPU.Build.0 = Release|Any CPU
	EndGlobalSection
	GlobalSection(SolutionProperties) = preSolution
		HideSolutionNode = FALSE
	EndGlobalSection
	GlobalSection(ExtensibilityGlobals) = postSolution
		SolutionGuid = {E4B29641-DB18-473E-A594-7B5055181E4B}
	EndGlobalSection
EndGlobal
